// !$*UTF8*$!
{
	archiveVersion = 1;
	classes = {
	};
	objectVersion = 46;
	objects = {

/* Begin PBXBuildFile section */
		19770A1D18397193009274B4 /* UIKit.framework in Frameworks */ = {isa = PBXBuildFile; fileRef = 19770A1C18397193009274B4 /* UIKit.framework */; };
		19770A1F18397193009274B4 /* Foundation.framework in Frameworks */ = {isa = PBXBuildFile; fileRef = 19770A1E18397193009274B4 /* Foundation.framework */; };
		19770A2118397193009274B4 /* CoreGraphics.framework in Frameworks */ = {isa = PBXBuildFile; fileRef = 19770A2018397193009274B4 /* CoreGraphics.framework */; };
		19770A2718397193009274B4 /* InfoPlist.strings in Resources */ = {isa = PBXBuildFile; fileRef = 19770A2518397193009274B4 /* InfoPlist.strings */; };
		19770A2918397193009274B4 /* main.m in Sources */ = {isa = PBXBuildFile; fileRef = 19770A2818397193009274B4 /* main.m */; };
		19770A2D18397193009274B4 /* AppDelegate.m in Sources */ = {isa = PBXBuildFile; fileRef = 19770A2C18397193009274B4 /* AppDelegate.m */; };
		19770A3018397193009274B4 /* ViewController.m in Sources */ = {isa = PBXBuildFile; fileRef = 19770A2F18397193009274B4 /* ViewController.m */; };
		19770A3318397193009274B4 /* ViewController_iPhone.xib in Resources */ = {isa = PBXBuildFile; fileRef = 19770A3118397193009274B4 /* ViewController_iPhone.xib */; };
		19770A3618397193009274B4 /* ViewController_iPad.xib in Resources */ = {isa = PBXBuildFile; fileRef = 19770A3418397193009274B4 /* ViewController_iPad.xib */; };
		19770A3E18397194009274B4 /* SenTestingKit.framework in Frameworks */ = {isa = PBXBuildFile; fileRef = 19770A3D18397194009274B4 /* SenTestingKit.framework */; };
		19770A3F18397194009274B4 /* UIKit.framework in Frameworks */ = {isa = PBXBuildFile; fileRef = 19770A1C18397193009274B4 /* UIKit.framework */; };
		19770A4018397194009274B4 /* Foundation.framework in Frameworks */ = {isa = PBXBuildFile; fileRef = 19770A1E18397193009274B4 /* Foundation.framework */; };
		19770A4818397194009274B4 /* InfoPlist.strings in Resources */ = {isa = PBXBuildFile; fileRef = 19770A4618397194009274B4 /* InfoPlist.strings */; };
		19770A4B18397194009274B4 /* Rotating_MapTests.m in Sources */ = {isa = PBXBuildFile; fileRef = 19770A4A18397194009274B4 /* Rotating_MapTests.m */; };
		19770A55183971E1009274B4 /* nightlights.png in Resources */ = {isa = PBXBuildFile; fileRef = 19770A54183971E1009274B4 /* nightlights.png */; };
		19770A5818397283009274B4 /* AnimationManager.m in Sources */ = {isa = PBXBuildFile; fileRef = 19770A5718397283009274B4 /* AnimationManager.m */; };
		19770A5A18397692009274B4 /* QuartzCore.framework in Frameworks */ = {isa = PBXBuildFile; fileRef = 19770A5918397692009274B4 /* QuartzCore.framework */; };
/* End PBXBuildFile section */

/* Begin PBXContainerItemProxy section */
		19770A4118397194009274B4 /* PBXContainerItemProxy */ = {
			isa = PBXContainerItemProxy;
			containerPortal = 19770A0F18397193009274B4 /* Project object */;
			proxyType = 1;
			remoteGlobalIDString = 19770A1718397193009274B4;
			remoteInfo = "Rotating Map";
		};
/* End PBXContainerItemProxy section */

/* Begin PBXFileReference section */
		19770A1818397193009274B4 /* Rotating Map.app */ = {isa = PBXFileReference; explicitFileType = wrapper.application; includeInIndex = 0; path = "Rotating Map.app"; sourceTree = BUILT_PRODUCTS_DIR; };
		19770A1C18397193009274B4 /* UIKit.framework */ = {isa = PBXFileReference; lastKnownFileType = wrapper.framework; name = UIKit.framework; path = System/Library/Frameworks/UIKit.framework; sourceTree = SDKROOT; };
		19770A1E18397193009274B4 /* Foundation.framework */ = {isa = PBXFileReference; lastKnownFileType = wrapper.framework; name = Foundation.framework; path = System/Library/Frameworks/Foundation.framework; sourceTree = SDKROOT; };
		19770A2018397193009274B4 /* CoreGraphics.framework */ = {isa = PBXFileReference; lastKnownFileType = wrapper.framework; name = CoreGraphics.framework; path = System/Library/Frameworks/CoreGraphics.framework; sourceTree = SDKROOT; };
		19770A2418397193009274B4 /* Rotating Map-Info.plist */ = {isa = PBXFileReference; lastKnownFileType = text.plist.xml; path = "Rotating Map-Info.plist"; sourceTree = "<group>"; };
		19770A2618397193009274B4 /* en */ = {isa = PBXFileReference; lastKnownFileType = text.plist.strings; name = en; path = en.lproj/InfoPlist.strings; sourceTree = "<group>"; };
		19770A2818397193009274B4 /* main.m */ = {isa = PBXFileReference; lastKnownFileType = sourcecode.c.objc; path = main.m; sourceTree = "<group>"; };
		19770A2A18397193009274B4 /* Rotating Map-Prefix.pch */ = {isa = PBXFileReference; lastKnownFileType = sourcecode.c.h; path = "Rotating Map-Prefix.pch"; sourceTree = "<group>"; };
		19770A2B18397193009274B4 /* AppDelegate.h */ = {isa = PBXFileReference; lastKnownFileType = sourcecode.c.h; path = AppDelegate.h; sourceTree = "<group>"; };
		19770A2C18397193009274B4 /* AppDelegate.m */ = {isa = PBXFileReference; lastKnownFileType = sourcecode.c.objc; path = AppDelegate.m; sourceTree = "<group>"; };
		19770A2E18397193009274B4 /* ViewController.h */ = {isa = PBXFileReference; lastKnownFileType = sourcecode.c.h; path = ViewController.h; sourceTree = "<group>"; };
		19770A2F18397193009274B4 /* ViewController.m */ = {isa = PBXFileReference; lastKnownFileType = sourcecode.c.objc; path = ViewController.m; sourceTree = "<group>"; };
		19770A3218397193009274B4 /* en */ = {isa = PBXFileReference; lastKnownFileType = file.xib; name = en; path = en.lproj/ViewController_iPhone.xib; sourceTree = "<group>"; };
		19770A3518397193009274B4 /* en */ = {isa = PBXFileReference; lastKnownFileType = file.xib; name = en; path = en.lproj/ViewController_iPad.xib; sourceTree = "<group>"; };
		19770A3C18397194009274B4 /* Rotating MapTests.octest */ = {isa = PBXFileReference; explicitFileType = wrapper.cfbundle; includeInIndex = 0; path = "Rotating MapTests.octest"; sourceTree = BUILT_PRODUCTS_DIR; };
		19770A3D18397194009274B4 /* SenTestingKit.framework */ = {isa = PBXFileReference; lastKnownFileType = wrapper.framework; name = SenTestingKit.framework; path = Library/Frameworks/SenTestingKit.framework; sourceTree = DEVELOPER_DIR; };
		19770A4518397194009274B4 /* Rotating MapTests-Info.plist */ = {isa = PBXFileReference; lastKnownFileType = text.plist.xml; path = "Rotating MapTests-Info.plist"; sourceTree = "<group>"; };
		19770A4718397194009274B4 /* en */ = {isa = PBXFileReference; lastKnownFileType = text.plist.strings; name = en; path = en.lproj/InfoPlist.strings; sourceTree = "<group>"; };
		19770A4918397194009274B4 /* Rotating_MapTests.h */ = {isa = PBXFileReference; lastKnownFileType = sourcecode.c.h; path = Rotating_MapTests.h; sourceTree = "<group>"; };
		19770A4A18397194009274B4 /* Rotating_MapTests.m */ = {isa = PBXFileReference; lastKnownFileType = sourcecode.c.objc; path = Rotating_MapTests.m; sourceTree = "<group>"; };
		19770A54183971E1009274B4 /* nightlights.png */ = {isa = PBXFileReference; lastKnownFileType = image.png; path = nightlights.png; sourceTree = "<group>"; };
		19770A5618397283009274B4 /* AnimationManager.h */ = {isa = PBXFileReference; fileEncoding = 4; lastKnownFileType = sourcecode.c.h; path = AnimationManager.h; sourceTree = "<group>"; };
		19770A5718397283009274B4 /* AnimationManager.m */ = {isa = PBXFileReference; fileEncoding = 4; lastKnownFileType = sourcecode.c.objc; path = AnimationManager.m; sourceTree = "<group>"; };
		19770A5918397692009274B4 /* QuartzCore.framework */ = {isa = PBXFileReference; lastKnownFileType = wrapper.framework; name = QuartzCore.framework; path = System/Library/Frameworks/QuartzCore.framework; sourceTree = SDKROOT; };
/* End PBXFileReference section */

/* Begin PBXFrameworksBuildPhase section */
		19770A1518397193009274B4 /* Frameworks */ = {
			isa = PBXFrameworksBuildPhase;
			buildActionMask = 2147483647;
			files = (
				19770A5A18397692009274B4 /* QuartzCore.framework in Frameworks */,
				19770A1D18397193009274B4 /* UIKit.framework in Frameworks */,
				19770A1F18397193009274B4 /* Foundation.framework in Frameworks */,
				19770A2118397193009274B4 /* CoreGraphics.framework in Frameworks */,
			);
			runOnlyForDeploymentPostprocessing = 0;
		};
		19770A3818397194009274B4 /* Frameworks */ = {
			isa = PBXFrameworksBuildPhase;
			buildActionMask = 2147483647;
			files = (
				19770A3E18397194009274B4 /* SenTestingKit.framework in Frameworks */,
				19770A3F18397194009274B4 /* UIKit.framework in Frameworks */,
				19770A4018397194009274B4 /* Foundation.framework in Frameworks */,
			);
			runOnlyForDeploymentPostprocessing = 0;
		};
/* End PBXFrameworksBuildPhase section */

/* Begin PBXGroup section */
		19770A0D18397193009274B4 = {
			isa = PBXGroup;
			children = (
				19770A5918397692009274B4 /* QuartzCore.framework */,
				19770A2218397193009274B4 /* Rotating Map */,
				19770A4318397194009274B4 /* Rotating MapTests */,
				19770A1B18397193009274B4 /* Frameworks */,
				19770A1918397193009274B4 /* Products */,
			);
			sourceTree = "<group>";
		};
		19770A1918397193009274B4 /* Products */ = {
			isa = PBXGroup;
			children = (
				19770A1818397193009274B4 /* Rotating Map.app */,
				19770A3C18397194009274B4 /* Rotating MapTests.octest */,
			);
			name = Products;
			sourceTree = "<group>";
		};
		19770A1B18397193009274B4 /* Frameworks */ = {
			isa = PBXGroup;
			children = (
				19770A1C18397193009274B4 /* UIKit.framework */,
				19770A1E18397193009274B4 /* Foundation.framework */,
				19770A2018397193009274B4 /* CoreGraphics.framework */,
				19770A3D18397194009274B4 /* SenTestingKit.framework */,
			);
			name = Frameworks;
			sourceTree = "<group>";
		};
		19770A2218397193009274B4 /* Rotating Map */ = {
			isa = PBXGroup;
			children = (
				19770A5618397283009274B4 /* AnimationManager.h */,
				19770A5718397283009274B4 /* AnimationManager.m */,
				19770A54183971E1009274B4 /* nightlights.png */,
				19770A2B18397193009274B4 /* AppDelegate.h */,
				19770A2C18397193009274B4 /* AppDelegate.m */,
				19770A2E18397193009274B4 /* ViewController.h */,
				19770A2F18397193009274B4 /* ViewController.m */,
				19770A3118397193009274B4 /* ViewController_iPhone.xib */,
				19770A3418397193009274B4 /* ViewController_iPad.xib */,
				19770A2318397193009274B4 /* Supporting Files */,
			);
			path = "Rotating Map";
			sourceTree = "<group>";
		};
		19770A2318397193009274B4 /* Supporting Files */ = {
			isa = PBXGroup;
			children = (
				19770A2418397193009274B4 /* Rotating Map-Info.plist */,
				19770A2518397193009274B4 /* InfoPlist.strings */,
				19770A2818397193009274B4 /* main.m */,
				19770A2A18397193009274B4 /* Rotating Map-Prefix.pch */,
			);
			name = "Supporting Files";
			sourceTree = "<group>";
		};
		19770A4318397194009274B4 /* Rotating MapTests */ = {
			isa = PBXGroup;
			children = (
				19770A4918397194009274B4 /* Rotating_MapTests.h */,
				19770A4A18397194009274B4 /* Rotating_MapTests.m */,
				19770A4418397194009274B4 /* Supporting Files */,
			);
			path = "Rotating MapTests";
			sourceTree = "<group>";
		};
		19770A4418397194009274B4 /* Supporting Files */ = {
			isa = PBXGroup;
			children = (
				19770A4518397194009274B4 /* Rotating MapTests-Info.plist */,
				19770A4618397194009274B4 /* InfoPlist.strings */,
			);
			name = "Supporting Files";
			sourceTree = "<group>";
		};
/* End PBXGroup section */

/* Begin PBXNativeTarget section */
		19770A1718397193009274B4 /* Rotating Map */ = {
			isa = PBXNativeTarget;
			buildConfigurationList = 19770A4E18397194009274B4 /* Build configuration list for PBXNativeTarget "Rotating Map" */;
			buildPhases = (
				19770A1418397193009274B4 /* Sources */,
				19770A1518397193009274B4 /* Frameworks */,
				19770A1618397193009274B4 /* Resources */,
			);
			buildRules = (
			);
			dependencies = (
			);
			name = "Rotating Map";
			productName = "Rotating Map";
			productReference = 19770A1818397193009274B4 /* Rotating Map.app */;
			productType = "com.apple.product-type.application";
		};
		19770A3B18397194009274B4 /* Rotating MapTests */ = {
			isa = PBXNativeTarget;
			buildConfigurationList = 19770A5118397194009274B4 /* Build configuration list for PBXNativeTarget "Rotating MapTests" */;
			buildPhases = (
				19770A3718397194009274B4 /* Sources */,
				19770A3818397194009274B4 /* Frameworks */,
				19770A3918397194009274B4 /* Resources */,
				19770A3A18397194009274B4 /* ShellScript */,
			);
			buildRules = (
			);
			dependencies = (
				19770A4218397194009274B4 /* PBXTargetDependency */,
			);
			name = "Rotating MapTests";
			productName = "Rotating MapTests";
			productReference = 19770A3C18397194009274B4 /* Rotating MapTests.octest */;
			productType = "com.apple.product-type.bundle";
		};
/* End PBXNativeTarget section */

/* Begin PBXProject section */
		19770A0F18397193009274B4 /* Project object */ = {
			isa = PBXProject;
			attributes = {
				LastUpgradeCheck = 0440;
				ORGANIZATIONNAME = "Swift Concepts";
			};
			buildConfigurationList = 19770A1218397193009274B4 /* Build configuration list for PBXProject "Rotating Map" */;
			compatibilityVersion = "Xcode 3.2";
			developmentRegion = English;
			hasScannedForEncodings = 0;
			knownRegions = (
				en,
			);
			mainGroup = 19770A0D18397193009274B4;
			productRefGroup = 19770A1918397193009274B4 /* Products */;
			projectDirPath = "";
			projectRoot = "";
			targets = (
				19770A1718397193009274B4 /* Rotating Map */,
				19770A3B18397194009274B4 /* Rotating MapTests */,
			);
		};
/* End PBXProject section */

/* Begin PBXResourcesBuildPhase section */
		19770A1618397193009274B4 /* Resources */ = {
			isa = PBXResourcesBuildPhase;
			buildActionMask = 2147483647;
			files = (
				19770A2718397193009274B4 /* InfoPlist.strings in Resources */,
				19770A3318397193009274B4 /* ViewController_iPhone.xib in Resources */,
				19770A3618397193009274B4 /* ViewController_iPad.xib in Resources */,
				19770A55183971E1009274B4 /* nightlights.png in Resources */,
			);
			runOnlyForDeploymentPostprocessing = 0;
		};
		19770A3918397194009274B4 /* Resources */ = {
			isa = PBXResourcesBuildPhase;
			buildActionMask = 2147483647;
			files = (
				19770A4818397194009274B4 /* InfoPlist.strings in Resources */,
			);
			runOnlyForDeploymentPostprocessing = 0;
		};
/* End PBXResourcesBuildPhase section */

/* Begin PBXShellScriptBuildPhase section */
		19770A3A18397194009274B4 /* ShellScript */ = {
			isa = PBXShellScriptBuildPhase;
			buildActionMask = 2147483647;
			files = (
			);
			inputPaths = (
			);
			outputPaths = (
			);
			runOnlyForDeploymentPostprocessing = 0;
			shellPath = /bin/sh;
			shellScript = "# Run the unit tests in this test bundle.\n\"${SYSTEM_DEVELOPER_DIR}/Tools/RunUnitTests\"\n";
		};
/* End PBXShellScriptBuildPhase section */

/* Begin PBXSourcesBuildPhase section */
		19770A1418397193009274B4 /* Sources */ = {
			isa = PBXSourcesBuildPhase;
			buildActionMask = 2147483647;
			files = (
				19770A2918397193009274B4 /* main.m in Sources */,
				19770A2D18397193009274B4 /* AppDelegate.m in Sources */,
				19770A3018397193009274B4 /* ViewController.m in Sources */,
				19770A5818397283009274B4 /* AnimationManager.m in Sources */,
			);
			runOnlyForDeploymentPostprocessing = 0;
		};
		19770A3718397194009274B4 /* Sources */ = {
			isa = PBXSourcesBuildPhase;
			buildActionMask = 2147483647;
			files = (
				19770A4B18397194009274B4 /* Rotating_MapTests.m in Sources */,
			);
			runOnlyForDeploymentPostprocessing = 0;
		};
/* End PBXSourcesBuildPhase section */

/* Begin PBXTargetDependency section */
		19770A4218397194009274B4 /* PBXTargetDependency */ = {
			isa = PBXTargetDependency;
			target = 19770A1718397193009274B4 /* Rotating Map */;
			targetProxy = 19770A4118397194009274B4 /* PBXContainerItemProxy */;
		};
/* End PBXTargetDependency section */

/* Begin PBXVariantGroup section */
		19770A2518397193009274B4 /* InfoPlist.strings */ = {
			isa = PBXVariantGroup;
			children = (
				19770A2618397193009274B4 /* en */,
			);
			name = InfoPlist.strings;
			sourceTree = "<group>";
		};
		19770A3118397193009274B4 /* ViewController_iPhone.xib */ = {
			isa = PBXVariantGroup;
			children = (
				19770A3218397193009274B4 /* en */,
			);
			name = ViewController_iPhone.xib;
			sourceTree = "<group>";
		};
		19770A3418397193009274B4 /* ViewController_iPad.xib */ = {
			isa = PBXVariantGroup;
			children = (
				19770A3518397193009274B4 /* en */,
			);
			name = ViewController_iPad.xib;
			sourceTree = "<group>";
		};
		19770A4618397194009274B4 /* InfoPlist.strings */ = {
			isa = PBXVariantGroup;
			children = (
				19770A4718397194009274B4 /* en */,
			);
			name = InfoPlist.strings;
			sourceTree = "<group>";
		};
/* End PBXVariantGroup section */

/* Begin XCBuildConfiguration section */
		19770A4C18397194009274B4 /* Debug */ = {
			isa = XCBuildConfiguration;
			buildSettings = {
				ALWAYS_SEARCH_USER_PATHS = NO;
				ARCHS = "$(ARCHS_STANDARD_32_BIT)";
				CLANG_CXX_LANGUAGE_STANDARD = "gnu++0x";
				CLANG_ENABLE_OBJC_ARC = YES;
				CLANG_WARN__DUPLICATE_METHOD_MATCH = YES;
				"CODE_SIGN_IDENTITY[sdk=iphoneos*]" = "iPhone Developer";
				COPY_PHASE_STRIP = NO;
				GCC_C_LANGUAGE_STANDARD = gnu99;
				GCC_DYNAMIC_NO_PIC = NO;
				GCC_OPTIMIZATION_LEVEL = 0;
				GCC_PREPROCESSOR_DEFINITIONS = (
					"DEBUG=1",
					"$(inherited)",
				);
				GCC_SYMBOLS_PRIVATE_EXTERN = NO;
				GCC_VERSION = com.apple.compilers.llvm.clang.1_0;
				GCC_WARN_ABOUT_RETURN_TYPE = YES;
				GCC_WARN_UNINITIALIZED_AUTOS = YES;
				GCC_WARN_UNUSED_VARIABLE = YES;
				IPHONEOS_DEPLOYMENT_TARGET = 5.1;
				SDKROOT = iphoneos;
				TARGETED_DEVICE_FAMILY = "1,2";
			};
			name = Debug;
		};
		19770A4D18397194009274B4 /* Release */ = {
			isa = XCBuildConfiguration;
			buildSettings = {
				ALWAYS_SEARCH_USER_PATHS = NO;
				ARCHS = "$(ARCHS_STANDARD_32_BIT)";
				CLANG_CXX_LANGUAGE_STANDARD = "gnu++0x";
				CLANG_ENABLE_OBJC_ARC = YES;
				CLANG_WARN__DUPLICATE_METHOD_MATCH = YES;
				"CODE_SIGN_IDENTITY[sdk=iphoneos*]" = "iPhone Developer";
				COPY_PHASE_STRIP = YES;
				GCC_C_LANGUAGE_STANDARD = gnu99;
				GCC_VERSION = com.apple.compilers.llvm.clang.1_0;
				GCC_WARN_ABOUT_RETURN_TYPE = YES;
				GCC_WARN_UNINITIALIZED_AUTOS = YES;
				GCC_WARN_UNUSED_VARIABLE = YES;
				IPHONEOS_DEPLOYMENT_TARGET = 5.1;
				OTHER_CFLAGS = "-DNS_BLOCK_ASSERTIONS=1";
				SDKROOT = iphoneos;
				TARGETED_DEVICE_FAMILY = "1,2";
				VALIDATE_PRODUCT = YES;
			};
			name = Release;
		};
		19770A4F18397194009274B4 /* Debug */ = {
			isa = XCBuildConfiguration;
			buildSettings = {
				GCC_PRECOMPILE_PREFIX_HEADER = YES;
				GCC_PREFIX_HEADER = "Rotating Map/Rotating Map-Prefix.pch";
				INFOPLIST_FILE = "Rotating Map/Rotating Map-Info.plist";
				PRODUCT_NAME = "$(TARGET_NAME)";
				WRAPPER_EXTENSION = app;
			};
			name = Debug;
		};
		19770A5018397194009274B4 /* Release */ = {
			isa = XCBuildConfiguration;
			buildSettings = {
				GCC_PRECOMPILE_PREFIX_HEADER = YES;
				GCC_PREFIX_HEADER = "Rotating Map/Rotating Map-Prefix.pch";
				INFOPLIST_FILE = "Rotating Map/Rotating Map-Info.plist";
				PRODUCT_NAME = "$(TARGET_NAME)";
				WRAPPER_EXTENSION = app;
			};
			name = Release;
		};
		19770A5218397194009274B4 /* Debug */ = {
			isa = XCBuildConfiguration;
			buildSettings = {
				BUNDLE_LOADER = "$(BUILT_PRODUCTS_DIR)/Rotating Map.app/Rotating Map";
				FRAMEWORK_SEARCH_PATHS = (
					"\"$(SDKROOT)/Developer/Library/Frameworks\"",
					"\"$(DEVELOPER_LIBRARY_DIR)/Frameworks\"",
				);
				GCC_PRECOMPILE_PREFIX_HEADER = YES;
				GCC_PREFIX_HEADER = "Rotating Map/Rotating Map-Prefix.pch";
				INFOPLIST_FILE = "Rotating MapTests/Rotating MapTests-Info.plist";
				PRODUCT_NAME = "$(TARGET_NAME)";
				TEST_HOST = "$(BUNDLE_LOADER)";
				WRAPPER_EXTENSION = octest;
			};
			name = Debug;
		};
		19770A5318397194009274B4 /* Release */ = {
			isa = XCBuildConfiguration;
			buildSettings = {
				BUNDLE_LOADER = "$(BUILT_PRODUCTS_DIR)/Rotating Map.app/Rotating Map";
				FRAMEWORK_SEARCH_PATHS = (
					"\"$(SDKROOT)/Developer/Library/Frameworks\"",
					"\"$(DEVELOPER_LIBRARY_DIR)/Frameworks\"",
				);
				GCC_PRECOMPILE_PREFIX_HEADER = YES;
				GCC_PREFIX_HEADER = "Rotating Map/Rotating Map-Prefix.pch";
				INFOPLIST_FILE = "Rotating MapTests/Rotating MapTests-Info.plist";
				PRODUCT_NAME = "$(TARGET_NAME)";
				TEST_HOST = "$(BUNDLE_LOADER)";
				WRAPPER_EXTENSION = octest;
			};
			name = Release;
		};
/* End XCBuildConfiguration section */

/* Begin XCConfigurationList section */
		19770A1218397193009274B4 /* Build configuration list for PBXProject "Rotating Map" */ = {
			isa = XCConfigurationList;
			buildConfigurations = (
				19770A4C18397194009274B4 /* Debug */,
				19770A4D18397194009274B4 /* Release */,
			);
			defaultConfigurationIsVisible = 0;
			defaultConfigurationName = Release;
		};
		19770A4E18397194009274B4 /* Build configuration list for PBXNativeTarget "Rotating Map" */ = {
			isa = XCConfigurationList;
			buildConfigurations = (
				19770A4F18397194009274B4 /* Debug */,
				19770A5018397194009274B4 /* Release */,
			);
			defaultConfigurationIsVisible = 0;
		};
		19770A5118397194009274B4 /* Build configuration list for PBXNativeTarget "Rotating MapTests" */ = {
			isa = XCConfigurationList;
			buildConfigurations = (
				19770A5218397194009274B4 /* Debug */,
				19770A5318397194009274B4 /* Release */,
			);
			defaultConfigurationIsVisible = 0;
		};
/* End XCConfigurationList section */
	};
	rootObject = 19770A0F18397193009274B4 /* Project object */;
}
